// !$*UTF8*$!
{
	archiveVersion = 1;
	classes = {
	};
	objectVersion = 50;
	objects = {

/* Begin PBXBuildFile section */
		5910CF82273A635000F0E2C6 /* ListAndNavigationApp.swift in Sources */ = {isa = PBXBuildFile; fileRef = 5910CF81273A635000F0E2C6 /* ListAndNavigationApp.swift */; };
		5910CF84273A635000F0E2C6 /* ContentView.swift in Sources */ = {isa = PBXBuildFile; fileRef = 5910CF83273A635000F0E2C6 /* ContentView.swift */; };
		5910CF86273A635B00F0E2C6 /* Assets.xcassets in Resources */ = {isa = PBXBuildFile; fileRef = 5910CF85273A635B00F0E2C6 /* Assets.xcassets */; };
		5910CF89273A635B00F0E2C6 /* Preview Assets.xcassets in Resources */ = {isa = PBXBuildFile; fileRef = 5910CF88273A635B00F0E2C6 /* Preview Assets.xcassets */; };
		59418E9B273AF52A00115102 /* Landmark.json in Resources */ = {isa = PBXBuildFile; fileRef = 59418E9A273AF52A00115102 /* Landmark.json */; };
		59418E9E273AF57A00115102 /* BundleDecoder.swift in Sources */ = {isa = PBXBuildFile; fileRef = 59418E9D273AF57A00115102 /* BundleDecoder.swift */; };
		59418EA1273AF59800115102 /* Landmarks.swift in Sources */ = {isa = PBXBuildFile; fileRef = 59418EA0273AF59800115102 /* Landmarks.swift */; };
		59418EA4273AF8BB00115102 /* LandmarkRow.swift in Sources */ = {isa = PBXBuildFile; fileRef = 59418EA3273AF8BB00115102 /* LandmarkRow.swift */; };
		59418EA7273AF98400115102 /* LandmarkDetailView.swift in Sources */ = {isa = PBXBuildFile; fileRef = 59418EA6273AF98400115102 /* LandmarkDetailView.swift */; };
/* End PBXBuildFile section */

/* Begin PBXFileReference section */
		5910CF7E273A635000F0E2C6 /* ListAndNavigation.app */ = {isa = PBXFileReference; explicitFileType = wrapper.application; includeInIndex = 0; path = ListAndNavigation.app; sourceTree = BUILT_PRODUCTS_DIR; };
		5910CF81273A635000F0E2C6 /* ListAndNavigationApp.swift */ = {isa = PBXFileReference; lastKnownFileType = sourcecode.swift; path = ListAndNavigationApp.swift; sourceTree = "<group>"; };
		5910CF83273A635000F0E2C6 /* ContentView.swift */ = {isa = PBXFileReference; lastKnownFileType = sourcecode.swift; path = ContentView.swift; sourceTree = "<group>"; };
		5910CF85273A635B00F0E2C6 /* Assets.xcassets */ = {isa = PBXFileReference; lastKnownFileType = folder.assetcatalog; path = Assets.xcassets; sourceTree = "<group>"; };
		5910CF88273A635B00F0E2C6 /* Preview Assets.xcassets */ = {isa = PBXFileReference; lastKnownFileType = folder.assetcatalog; path = "Preview Assets.xcassets"; sourceTree = "<group>"; };
		5910CF8A273A635B00F0E2C6 /* Info.plist */ = {isa = PBXFileReference; lastKnownFileType = text.plist.xml; path = Info.plist; sourceTree = "<group>"; };
		59418E9A273AF52A00115102 /* Landmark.json */ = {isa = PBXFileReference; lastKnownFileType = text.json; path = Landmark.json; sourceTree = "<group>"; };
		59418E9D273AF57A00115102 /* BundleDecoder.swift */ = {isa = PBXFileReference; lastKnownFileType = sourcecode.swift; path = BundleDecoder.swift; sourceTree = "<group>"; };
		59418EA0273AF59800115102 /* Landmarks.swift */ = {isa = PBXFileReference; lastKnownFileType = sourcecode.swift; path = Landmarks.swift; sourceTree = "<group>"; };
		59418EA3273AF8BB00115102 /* LandmarkRow.swift */ = {isa = PBXFileReference; lastKnownFileType = sourcecode.swift; path = LandmarkRow.swift; sourceTree = "<group>"; };
		59418EA6273AF98400115102 /* LandmarkDetailView.swift */ = {isa = PBXFileReference; lastKnownFileType = sourcecode.swift; path = LandmarkDetailView.swift; sourceTree = "<group>"; };
/* End PBXFileReference section */

/* Begin PBXFrameworksBuildPhase section */
		5910CF7B273A635000F0E2C6 /* Frameworks */ = {
			isa = PBXFrameworksBuildPhase;
			buildActionMask = 2147483647;
			files = (
			);
			runOnlyForDeploymentPostprocessing = 0;
		};
/* End PBXFrameworksBuildPhase section */

/* Begin PBXGroup section */
		5910CF75273A635000F0E2C6 = {
			isa = PBXGroup;
			children = (
				5910CF80273A635000F0E2C6 /* ListAndNavigation */,
				5910CF7F273A635000F0E2C6 /* Products */,
			);
			sourceTree = "<group>";
		};
		5910CF7F273A635000F0E2C6 /* Products */ = {
			isa = PBXGroup;
			children = (
				5910CF7E273A635000F0E2C6 /* ListAndNavigation.app */,
			);
			name = Products;
			sourceTree = "<group>";
		};
		5910CF80273A635000F0E2C6 /* ListAndNavigation */ = {
			isa = PBXGroup;
			children = (
				5910CF81273A635000F0E2C6 /* ListAndNavigationApp.swift */,
				5910CF83273A635000F0E2C6 /* ContentView.swift */,
				59418EA6273AF98400115102 /* LandmarkDetailView.swift */,
				59418EA3273AF8BB00115102 /* LandmarkRow.swift */,
				59418E9A273AF52A00115102 /* Landmark.json */,
				59418E9D273AF57A00115102 /* BundleDecoder.swift */,
				59418EA0273AF59800115102 /* Landmarks.swift */,
				5910CF85273A635B00F0E2C6 /* Assets.xcassets */,
				5910CF8A273A635B00F0E2C6 /* Info.plist */,
				5910CF87273A635B00F0E2C6 /* Preview Content */,
			);
			path = ListAndNavigation;
			sourceTree = "<group>";
		};
		5910CF87273A635B00F0E2C6 /* Preview Content */ = {
			isa = PBXGroup;
			children = (
				5910CF88273A635B00F0E2C6 /* Preview Assets.xcassets */,
			);
			path = "Preview Content";
			sourceTree = "<group>";
		};
/* End PBXGroup section */

/* Begin PBXNativeTarget section */
		5910CF7D273A635000F0E2C6 /* ListAndNavigation */ = {
			isa = PBXNativeTarget;
			buildConfigurationList = 5910CF8D273A635B00F0E2C6 /* Build configuration list for PBXNativeTarget "ListAndNavigation" */;
			buildPhases = (
				5910CF7A273A635000F0E2C6 /* Sources */,
				5910CF7B273A635000F0E2C6 /* Frameworks */,
				5910CF7C273A635000F0E2C6 /* Resources */,
			);
			buildRules = (
			);
			dependencies = (
			);
			name = ListAndNavigation;
			productName = ListAndNavigation;
			productReference = 5910CF7E273A635000F0E2C6 /* ListAndNavigation.app */;
			productType = "com.apple.product-type.application";
		};
/* End PBXNativeTarget section */

/* Begin PBXProject section */
		5910CF76273A635000F0E2C6 /* Project object */ = {
			isa = PBXProject;
			attributes = {
				LastSwiftUpdateCheck = 1240;
				LastUpgradeCheck = 1240;
				TargetAttributes = {
					5910CF7D273A635000F0E2C6 = {
						CreatedOnToolsVersion = 12.4;
					};
				};
			};
			buildConfigurationList = 5910CF79273A635000F0E2C6 /* Build configuration list for PBXProject "ListAndNavigation" */;
			compatibilityVersion = "Xcode 9.3";
			developmentRegion = en;
			hasScannedForEncodings = 0;
			knownRegions = (
				en,
				Base,
			);
			mainGroup = 5910CF75273A635000F0E2C6;
			productRefGroup = 5910CF7F273A635000F0E2C6 /* Products */;
			projectDirPath = "";
			projectRoot = "";
			targets = (
				5910CF7D273A635000F0E2C6 /* ListAndNavigation */,
			);
		};
/* End PBXProject section */

/* Begin PBXResourcesBuildPhase section */
		5910CF7C273A635000F0E2C6 /* Resources */ = {
			isa = PBXResourcesBuildPhase;
			buildActionMask = 2147483647;
			files = (
				59418E9B273AF52A00115102 /* Landmark.json in Resources */,
				5910CF89273A635B00F0E2C6 /* Preview Assets.xcassets in Resources */,
				5910CF86273A635B00F0E2C6 /* Assets.xcassets in Resources */,
			);
			runOnlyForDeploymentPostprocessing = 0;
		};
/* End PBXResourcesBuildPhase section */

/* Begin PBXSourcesBuildPhase section */
		5910CF7A273A635000F0E2C6 /* Sources */ = {
			isa = PBXSourcesBuildPhase;
			buildActionMask = 2147483647;
			files = (
				5910CF84273A635000F0E2C6 /* ContentView.swift in Sources */,
				5910CF82273A635000F0E2C6 /* ListAndNavigationApp.swift in Sources */,
				59418E9E273AF57A00115102 /* BundleDecoder.swift in Sources */,
				59418EA4273AF8BB00115102 /* LandmarkRow.swift in Sources */,
				59418EA1273AF59800115102 /* Landmarks.swift in Sources */,
				59418EA7273AF98400115102 /* LandmarkDetailView.swift in Sources */,
			);
			runOnlyForDeploymentPostprocessing = 0;
		};
/* End PBXSourcesBuildPhase section */

/* Begin XCBuildConfiguration section */
		5910CF8B273A635B00F0E2C6 /* Debug */ = {
			isa = XCBuildConfiguration;
			buildSettings = {
				ALWAYS_SEARCH_USER_PATHS = NO;
				CLANG_ANALYZER_NONNULL = YES;
				CLANG_ANALYZER_NUMBER_OBJECT_CONVERSION = YES_AGGRESSIVE;
				CLANG_CXX_LANGUAGE_STANDARD = "gnu++14";
				CLANG_CXX_LIBRARY = "libc++";
				CLANG_ENABLE_MODULES = YES;
				CLANG_ENABLE_OBJC_ARC = YES;
				CLANG_ENABLE_OBJC_WEAK = YES;
				CLANG_WARN_BLOCK_CAPTURE_AUTORELEASING = YES;
				CLANG_WARN_BOOL_CONVERSION = YES;
				CLANG_WARN_COMMA = YES;
				CLANG_WARN_CONSTANT_CONVERSION = YES;
				CLANG_WARN_DEPRECATED_OBJC_IMPLEMENTATIONS = YES;
				CLANG_WARN_DIRECT_OBJC_ISA_USAGE = YES_ERROR;
				CLANG_WARN_DOCUMENTATION_COMMENTS = YES;
				CLANG_WARN_EMPTY_BODY = YES;
				CLANG_WARN_ENUM_CONVERSION = YES;
				CLANG_WARN_INFINITE_RECURSION = YES;
				CLANG_WARN_INT_CONVERSION = YES;
				CLANG_WARN_NON_LITERAL_NULL_CONVERSION = YES;
				CLANG_WARN_OBJC_IMPLICIT_RETAIN_SELF = YES;
				CLANG_WARN_OBJC_LITERAL_CONVERSION = YES;
				CLANG_WARN_OBJC_ROOT_CLASS = YES_ERROR;
				CLANG_WARN_QUOTED_INCLUDE_IN_FRAMEWORK_HEADER = YES;
				CLANG_WARN_RANGE_LOOP_ANALYSIS = YES;
				CLANG_WARN_STRICT_PROTOTYPES = YES;
				CLANG_WARN_SUSPICIOUS_MOVE = YES;
				CLANG_WARN_UNGUARDED_AVAILABILITY = YES_AGGRESSIVE;
				CLANG_WARN_UNREACHABLE_CODE = YES;
				CLANG_WARN__DUPLICATE_METHOD_MATCH = YES;
				COPY_PHASE_STRIP = NO;
				DEBUG_INFORMATION_FORMAT = dwarf;
				ENABLE_STRICT_OBJC_MSGSEND = YES;
				ENABLE_TESTABILITY = YES;
				GCC_C_LANGUAGE_STANDARD = gnu11;
				GCC_DYNAMIC_NO_PIC = NO;
				GCC_NO_COMMON_BLOCKS = YES;
				GCC_OPTIMIZATION_LEVEL = 0;
				GCC_PREPROCESSOR_DEFINITIONS = (
					"DEBUG=1",
					"$(inherited)",
				);
				GCC_WARN_64_TO_32_BIT_CONVERSION = YES;
				GCC_WARN_ABOUT_RETURN_TYPE = YES_ERROR;
				GCC_WARN_UNDECLARED_SELECTOR = YES;
				GCC_WARN_UNINITIALIZED_AUTOS = YES_AGGRESSIVE;
				GCC_WARN_UNUSED_FUNCTION = YES;
				GCC_WARN_UNUSED_VARIABLE = YES;
				IPHONEOS_DEPLOYMENT_TARGET = 14.4;
				MTL_ENABLE_DEBUG_INFO = INCLUDE_SOURCE;
				MTL_FAST_MATH = YES;
				ONLY_ACTIVE_ARCH = YES;
				SDKROOT = iphoneos;
				SWIFT_ACTIVE_COMPILATION_CONDITIONS = DEBUG;
				SWIFT_OPTIMIZATION_LEVEL = "-Onone";
			};
			name = Debug;
		};
		5910CF8C273A635B00F0E2C6 /* Release */ = {
			isa = XCBuildConfiguration;
			buildSettings = {
				ALWAYS_SEARCH_USER_PATHS = NO;
				CLANG_ANALYZER_NONNULL = YES;
				CLANG_ANALYZER_NUMBER_OBJECT_CONVERSION = YES_AGGRESSIVE;
				CLANG_CXX_LANGUAGE_STANDARD = "gnu++14";
				CLANG_CXX_LIBRARY = "libc++";
				CLANG_ENABLE_MODULES = YES;
				CLANG_ENABLE_OBJC_ARC = YES;
				CLANG_ENABLE_OBJC_WEAK = YES;
				CLANG_WARN_BLOCK_CAPTURE_AUTORELEASING = YES;
				CLANG_WARN_BOOL_CONVERSION = YES;
				CLANG_WARN_COMMA = YES;
				CLANG_WARN_CONSTANT_CONVERSION = YES;
				CLANG_WARN_DEPRECATED_OBJC_IMPLEMENTATIONS = YES;
				CLANG_WARN_DIRECT_OBJC_ISA_USAGE = YES_ERROR;
				CLANG_WARN_DOCUMENTATION_COMMENTS = YES;
				CLANG_WARN_EMPTY_BODY = YES;
				CLANG_WARN_ENUM_CONVERSION = YES;
				CLANG_WARN_INFINITE_RECURSION = YES;
				CLANG_WARN_INT_CONVERSION = YES;
				CLANG_WARN_NON_LITERAL_NULL_CONVERSION = YES;
				CLANG_WARN_OBJC_IMPLICIT_RETAIN_SELF = YES;
				CLANG_WARN_OBJC_LITERAL_CONVERSION = YES;
				CLANG_WARN_OBJC_ROOT_CLASS = YES_ERROR;
				CLANG_WARN_QUOTED_INCLUDE_IN_FRAMEWORK_HEADER = YES;
				CLANG_WARN_RANGE_LOOP_ANALYSIS = YES;
				CLANG_WARN_STRICT_PROTOTYPES = YES;
				CLANG_WARN_SUSPICIOUS_MOVE = YES;
				CLANG_WARN_UNGUARDED_AVAILABILITY = YES_AGGRESSIVE;
				CLANG_WARN_UNREACHABLE_CODE = YES;
				CLANG_WARN__DUPLICATE_METHOD_MATCH = YES;
				COPY_PHASE_STRIP = NO;
				DEBUG_INFORMATION_FORMAT = "dwarf-with-dsym";
				ENABLE_NS_ASSERTIONS = NO;
				ENABLE_STRICT_OBJC_MSGSEND = YES;
				GCC_C_LANGUAGE_STANDARD = gnu11;
				GCC_NO_COMMON_BLOCKS = YES;
				GCC_WARN_64_TO_32_BIT_CONVERSION = YES;
				GCC_WARN_ABOUT_RETURN_TYPE = YES_ERROR;
				GCC_WARN_UNDECLARED_SELECTOR = YES;
				GCC_WARN_UNINITIALIZED_AUTOS = YES_AGGRESSIVE;
				GCC_WARN_UNUSED_FUNCTION = YES;
				GCC_WARN_UNUSED_VARIABLE = YES;
				IPHONEOS_DEPLOYMENT_TARGET = 14.4;
				MTL_ENABLE_DEBUG_INFO = NO;
				MTL_FAST_MATH = YES;
				SDKROOT = iphoneos;
				SWIFT_COMPILATION_MODE = wholemodule;
				SWIFT_OPTIMIZATION_LEVEL = "-O";
				VALIDATE_PRODUCT = YES;
			};
			name = Release;
		};
		5910CF8E273A635B00F0E2C6 /* Debug */ = {
			isa = XCBuildConfiguration;
			buildSettings = {
				ASSETCATALOG_COMPILER_APPICON_NAME = AppIcon;
				ASSETCATALOG_COMPILER_GLOBAL_ACCENT_COLOR_NAME = AccentColor;
				CODE_SIGN_STYLE = Automatic;
				DEVELOPMENT_ASSET_PATHS = "\"ListAndNavigation/Preview Content\"";
				ENABLE_PREVIEWS = YES;
				INFOPLIST_FILE = ListAndNavigation/Info.plist;
				IPHONEOS_DEPLOYMENT_TARGET = 14.0;
				LD_RUNPATH_SEARCH_PATHS = (
					"$(inherited)",
					"@executable_path/Frameworks",
				);
				PRODUCT_BUNDLE_IDENTIFIER = me.ListAndNavigation;
				PRODUCT_NAME = "$(TARGET_NAME)";
				SWIFT_VERSION = 5.0;
				TARGETED_DEVICE_FAMILY = "1,2";
			};
			name = Debug;
		};
		5910CF8F273A635B00F0E2C6 /* Release */ = {
			isa = XCBuildConfiguration;
			buildSettings = {
				ASSETCATALOG_COMPILER_APPICON_NAME = AppIcon;
				ASSETCATALOG_COMPILER_GLOBAL_ACCENT_COLOR_NAME = AccentColor;
				CODE_SIGN_STYLE = Automatic;
				DEVELOPMENT_ASSET_PATHS = "\"ListAndNavigation/Preview Content\"";
				ENABLE_PREVIEWS = YES;
				INFOPLIST_FILE = ListAndNavigation/Info.plist;
				IPHONEOS_DEPLOYMENT_TARGET = 14.0;
				LD_RUNPATH_SEARCH_PATHS = (
					"$(inherited)",
					"@executable_path/Frameworks",
				);
				PRODUCT_BUNDLE_IDENTIFIER = me.ListAndNavigation;
				PRODUCT_NAME = "$(TARGET_NAME)";
				SWIFT_VERSION = 5.0;
				TARGETED_DEVICE_FAMILY = "1,2";
			};
			name = Release;
		};
/* End XCBuildConfiguration section */

/* Begin XCConfigurationList section */
		5910CF79273A635000F0E2C6 /* Build configuration list for PBXProject "ListAndNavigation" */ = {
			isa = XCConfigurationList;
			buildConfigurations = (
				5910CF8B273A635B00F0E2C6 /* Debug */,
				5910CF8C273A635B00F0E2C6 /* Release */,
			);
			defaultConfigurationIsVisible = 0;
			defaultConfigurationName = Release;
		};
		5910CF8D273A635B00F0E2C6 /* Build configuration list for PBXNativeTarget "ListAndNavigation" */ = {
			isa = XCConfigurationList;
			buildConfigurations = (
				5910CF8E273A635B00F0E2C6 /* Debug */,
				5910CF8F273A635B00F0E2C6 /* Release */,
			);
			defaultConfigurationIsVisible = 0;
			defaultConfigurationName = Release;
		};
/* End XCConfigurationList section */
	};
	rootObject = 5910CF76273A635000F0E2C6 /* Project object */;
}
